// !$*UTF8*$!
{
	archiveVersion = 1;
	classes = {
	};
	objectVersion = 46;
	objects = {

/* Begin PBXBuildFile section */
		C272DB841C47375E00F8E2B9 /* main.m in Sources */ = {isa = PBXBuildFile; fileRef = C272DB831C47375E00F8E2B9 /* main.m */; };
		C272DB871C47375E00F8E2B9 /* AppDelegate.m in Sources */ = {isa = PBXBuildFile; fileRef = C272DB861C47375E00F8E2B9 /* AppDelegate.m */; };
		C272DB8A1C47375E00F8E2B9 /* ViewController.m in Sources */ = {isa = PBXBuildFile; fileRef = C272DB891C47375E00F8E2B9 /* ViewController.m */; };
		C272DB8D1C47375E00F8E2B9 /* Main.storyboard in Resources */ = {isa = PBXBuildFile; fileRef = C272DB8B1C47375E00F8E2B9 /* Main.storyboard */; };
		C272DB8F1C47375E00F8E2B9 /* Assets.xcassets in Resources */ = {isa = PBXBuildFile; fileRef = C272DB8E1C47375E00F8E2B9 /* Assets.xcassets */; };
		C272DB921C47375E00F8E2B9 /* LaunchScreen.storyboard in Resources */ = {isa = PBXBuildFile; fileRef = C272DB901C47375E00F8E2B9 /* LaunchScreen.storyboard */; };
/* End PBXBuildFile section */

/* Begin PBXFileReference section */
		C272DB7F1C47375E00F8E2B9 /* testForGitHub.app */ = {isa = PBXFileReference; explicitFileType = wrapper.application; includeInIndex = 0; path = testForGitHub.app; sourceTree = BUILT_PRODUCTS_DIR; };
		C272DB831C47375E00F8E2B9 /* main.m */ = {isa = PBXFileReference; lastKnownFileType = sourcecode.c.objc; path = main.m; sourceTree = "<group>"; };
		C272DB851C47375E00F8E2B9 /* AppDelegate.h */ = {isa = PBXFileReference; lastKnownFileType = sourcecode.c.h; path = AppDelegate.h; sourceTree = "<group>"; };
		C272DB861C47375E00F8E2B9 /* AppDelegate.m */ = {isa = PBXFileReference; lastKnownFileType = sourcecode.c.objc; path = AppDelegate.m; sourceTree = "<group>"; };
		C272DB881C47375E00F8E2B9 /* ViewController.h */ = {isa = PBXFileReference; lastKnownFileType = sourcecode.c.h; path = ViewController.h; sourceTree = "<group>"; };
		C272DB891C47375E00F8E2B9 /* ViewController.m */ = {isa = PBXFileReference; lastKnownFileType = sourcecode.c.objc; path = ViewController.m; sourceTree = "<group>"; };
		C272DB8C1C47375E00F8E2B9 /* Base */ = {isa = PBXFileReference; lastKnownFileType = file.storyboard; name = Base; path = Base.lproj/Main.storyboard; sourceTree = "<group>"; };
		C272DB8E1C47375E00F8E2B9 /* Assets.xcassets */ = {isa = PBXFileReference; lastKnownFileType = folder.assetcatalog; path = Assets.xcassets; sourceTree = "<group>"; };
		C272DB911C47375E00F8E2B9 /* Base */ = {isa = PBXFileReference; lastKnownFileType = file.storyboard; name = Base; path = Base.lproj/LaunchScreen.storyboard; sourceTree = "<group>"; };
		C272DB931C47375E00F8E2B9 /* Info.plist */ = {isa = PBXFileReference; lastKnownFileType = text.plist.xml; path = Info.plist; sourceTree = "<group>"; };
/* End PBXFileReference section */

/* Begin PBXFrameworksBuildPhase section */
		C272DB7C1C47375E00F8E2B9 /* Frameworks */ = {
			isa = PBXFrameworksBuildPhase;
			buildActionMask = 2147483647;
			files = (
			);
			runOnlyForDeploymentPostprocessing = 0;
		};
/* End PBXFrameworksBuildPhase section */

/* Begin PBXGroup section */
		C272DB761C47375E00F8E2B9 = {
			isa = PBXGroup;
			children = (
				C272DB811C47375E00F8E2B9 /* testForGitHub */,
				C272DB801C47375E00F8E2B9 /* Products */,
			);
			sourceTree = "<group>";
		};
		C272DB801C47375E00F8E2B9 /* Products */ = {
			isa = PBXGroup;
			children = (
				C272DB7F1C47375E00F8E2B9 /* testForGitHub.app */,
			);
			name = Products;
			sourceTree = "<group>";
		};
		C272DB811C47375E00F8E2B9 /* testForGitHub */ = {
			isa = PBXGroup;
			children = (
				C272DB851C47375E00F8E2B9 /* AppDelegate.h */,
				C272DB861C47375E00F8E2B9 /* AppDelegate.m */,
				C272DB881C47375E00F8E2B9 /* ViewController.h */,
				C272DB891C47375E00F8E2B9 /* ViewController.m */,
				C272DB8B1C47375E00F8E2B9 /* Main.storyboard */,
				C272DB8E1C47375E00F8E2B9 /* Assets.xcassets */,
				C272DB901C47375E00F8E2B9 /* LaunchScreen.storyboard */,
				C272DB931C47375E00F8E2B9 /* Info.plist */,
				C272DB821C47375E00F8E2B9 /* Supporting Files */,
			);
			path = testForGitHub;
			sourceTree = "<group>";
		};
		C272DB821C47375E00F8E2B9 /* Supporting Files */ = {
			isa = PBXGroup;
			children = (
				C272DB831C47375E00F8E2B9 /* main.m */,
			);
			name = "Supporting Files";
			sourceTree = "<group>";
		};
/* End PBXGroup section */

/* Begin PBXNativeTarget section */
		C272DB7E1C47375E00F8E2B9 /* testForGitHub */ = {
			isa = PBXNativeTarget;
			buildConfigurationList = C272DB961C47375E00F8E2B9 /* Build configuration list for PBXNativeTarget "testForGitHub" */;
			buildPhases = (
				C272DB7B1C47375E00F8E2B9 /* Sources */,
				C272DB7C1C47375E00F8E2B9 /* Frameworks */,
				C272DB7D1C47375E00F8E2B9 /* Resources */,
			);
			buildRules = (
			);
			dependencies = (
			);
			name = testForGitHub;
			productName = testForGitHub;
			productReference = C272DB7F1C47375E00F8E2B9 /* testForGitHub.app */;
			productType = "com.apple.product-type.application";
		};
/* End PBXNativeTarget section */

/* Begin PBXProject section */
		C272DB771C47375E00F8E2B9 /* Project object */ = {
			isa = PBXProject;
			attributes = {
				LastUpgradeCheck = 0710;
				ORGANIZATIONNAME = gxw;
				TargetAttributes = {
					C272DB7E1C47375E00F8E2B9 = {
						CreatedOnToolsVersion = 7.1.1;
					};
				};
			};
			buildConfigurationList = C272DB7A1C47375E00F8E2B9 /* Build configuration list for PBXProject "testForGitHub" */;
			compatibilityVersion = "Xcode 3.2";
			developmentRegion = English;
			hasScannedForEncodings = 0;
			knownRegions = (
				en,
				Base,
			);
			mainGroup = C272DB761C47375E00F8E2B9;
			productRefGroup = C272DB801C47375E00F8E2B9 /* Products */;
			projectDirPath = "";
			projectRoot = "";
			targets = (
				C272DB7E1C47375E00F8E2B9 /* testForGitHub */,
			);
		};
/* End PBXProject section */

/* Begin PBXResourcesBuildPhase section */
		C272DB7D1C47375E00F8E2B9 /* Resources */ = {
			isa = PBXResourcesBuildPhase;
			buildActionMask = 2147483647;
			files = (
				C272DB921C47375E00F8E2B9 /* LaunchScreen.storyboard in Resources */,
				C272DB8F1C47375E00F8E2B9 /* Assets.xcassets in Resources */,
				C272DB8D1C47375E00F8E2B9 /* Main.storyboard in Resources */,
			);
			runOnlyForDeploymentPostprocessing = 0;
		};
/* End PBXResourcesBuildPhase section */

/* Begin PBXSourcesBuildPhase section */
		C272DB7B1C47375E00F8E2B9 /* Sources */ = {
			isa = PBXSourcesBuildPhase;
			buildActionMask = 2147483647;
			files = (
				C272DB8A1C47375E00F8E2B9 /* ViewController.m in Sources */,
				C272DB871C47375E00F8E2B9 /* AppDelegate.m in Sources */,
				C272DB841C47375E00F8E2B9 /* main.m in Sources */,
			);
			runOnlyForDeploymentPostprocessing = 0;
		};
/* End PBXSourcesBuildPhase section */

/* Begin PBXVariantGroup section */
		C272DB8B1C47375E00F8E2B9 /* Main.storyboard */ = {
			isa = PBXVariantGroup;
			children = (
				C272DB8C1C47375E00F8E2B9 /* Base */,
			);
			name = Main.storyboard;
			sourceTree = "<group>";
		};
		C272DB901C47375E00F8E2B9 /* LaunchScreen.storyboard */ = {
			isa = PBXVariantGroup;
			children = (
				C272DB911C47375E00F8E2B9 /* Base */,
			);
			name = LaunchScreen.storyboard;
			sourceTree = "<group>";
		};
/* End PBXVariantGroup section */

/* Begin XCBuildConfiguration section */
		C272DB941C47375E00F8E2B9 /* Debug */ = {
			isa = XCBuildConfiguration;
			buildSettings = {
				ALWAYS_SEARCH_USER_PATHS = NO;
				CLANG_CXX_LANGUAGE_STANDARD = "gnu++0x";
				CLANG_CXX_LIBRARY = "libc++";
				CLANG_ENABLE_MODULES = YES;
				CLANG_ENABLE_OBJC_ARC = YES;
				CLANG_WARN_BOOL_CONVERSION = YES;
				CLANG_WARN_CONSTANT_CONVERSION = YES;
				CLANG_WARN_DIRECT_OBJC_ISA_USAGE = YES_ERROR;
				CLANG_WARN_EMPTY_BODY = YES;
				CLANG_WARN_ENUM_CONVERSION = YES;
				CLANG_WARN_INT_CONVERSION = YES;
				CLANG_WARN_OBJC_ROOT_CLASS = YES_ERROR;
				CLANG_WARN_UNREACHABLE_CODE = YES;
				CLANG_WARN__DUPLICATE_METHOD_MATCH = YES;
				"CODE_SIGN_IDENTITY[sdk=iphoneos*]" = "iPhone Developer";
				COPY_PHASE_STRIP = NO;
				DEBUG_INFORMATION_FORMAT = dwarf;
				ENABLE_STRICT_OBJC_MSGSEND = YES;
				ENABLE_TESTABILITY = YES;
				GCC_C_LANGUAGE_STANDARD = gnu99;
				GCC_DYNAMIC_NO_PIC = NO;
				GCC_NO_COMMON_BLOCKS = YES;
				GCC_OPTIMIZATION_LEVEL = 0;
				GCC_PREPROCESSOR_DEFINITIONS = (
					"DEBUG=1",
					"$(inherited)",
				);
				GCC_WARN_64_TO_32_BIT_CONVERSION = YES;
				GCC_WARN_ABOUT_RETURN_TYPE = YES_ERROR;
				GCC_WARN_UNDECLARED_SELECTOR = YES;
				GCC_WARN_UNINITIALIZED_AUTOS = YES_AGGRESSIVE;
				GCC_WARN_UNUSED_FUNCTION = YES;
				GCC_WARN_UNUSED_VARIABLE = YES;
				IPHONEOS_DEPLOYMENT_TARGET = 9.1;
				MTL_ENABLE_DEBUG_INFO = YES;
				ONLY_ACTIVE_ARCH = YES;
				SDKROOT = iphoneos;
				TARGETED_DEVICE_FAMILY = "1,2";
			};
			name = Debug;
		};
		C272DB951C47375E00F8E2B9 /* Release */ = {
			isa = XCBuildConfiguration;
			buildSettings = {
				ALWAYS_SEARCH_USER_PATHS = NO;
				CLANG_CXX_LANGUAGE_STANDARD = "gnu++0x";
				CLANG_CXX_LIBRARY = "libc++";
				CLANG_ENABLE_MODULES = YES;
				CLANG_ENABLE_OBJC_ARC = YES;
				CLANG_WARN_BOOL_CONVERSION = YES;
				CLANG_WARN_CONSTANT_CONVERSION = YES;
				CLANG_WARN_DIRECT_OBJC_ISA_USAGE = YES_ERROR;
				CLANG_WARN_EMPTY_BODY = YES;
				CLANG_WARN_ENUM_CONVERSION = YES;
				CLANG_WARN_INT_CONVERSION = YES;
				CLANG_WARN_OBJC_ROOT_CLASS = YES_ERROR;
				CLANG_WARN_UNREACHABLE_CODE = YES;
				CLANG_WARN__DUPLICATE_METHOD_MATCH = YES;
				"CODE_SIGN_IDENTITY[sdk=iphoneos*]" = "iPhone Developer";
				COPY_PHASE_STRIP = NO;
				DEBUG_INFORMATION_FORMAT = "dwarf-with-dsym";
				ENABLE_NS_ASSERTIONS = NO;
				ENABLE_STRICT_OBJC_MSGSEND = YES;
				GCC_C_LANGUAGE_STANDARD = gnu99;
				GCC_NO_COMMON_BLOCKS = YES;
				GCC_WARN_64_TO_32_BIT_CONVERSION = YES;
				GCC_WARN_ABOUT_RETURN_TYPE = YES_ERROR;
				GCC_WARN_UNDECLARED_SELECTOR = YES;
				GCC_WARN_UNINITIALIZED_AUTOS = YES_AGGRESSIVE;
				GCC_WARN_UNUSED_FUNCTION = YES;
				GCC_WARN_UNUSED_VARIABLE = YES;
				IPHONEOS_DEPLOYMENT_TARGET = 9.1;
				MTL_ENABLE_DEBUG_INFO = NO;
				SDKROOT = iphoneos;
				TARGETED_DEVICE_FAMILY = "1,2";
				VALIDATE_PRODUCT = YES;
			};
			name = Release;
		};
		C272DB971C47375E00F8E2B9 /* Debug */ = {
			isa = XCBuildConfiguration;
			buildSettings = {
				ASSETCATALOG_COMPILER_APPICON_NAME = AppIcon;
				INFOPLIST_FILE = testForGitHub/Info.plist;
				LD_RUNPATH_SEARCH_PATHS = "$(inherited) @executable_path/Frameworks";
				PRODUCT_BUNDLE_IDENTIFIER = com.lanou3gxw.testForGitHub;
				PRODUCT_NAME = "$(TARGET_NAME)";
			};
			name = Debug;
		};
		C272DB981C47375E00F8E2B9 /* Release */ = {
			isa = XCBuildConfiguration;
			buildSettings = {
				ASSETCATALOG_COMPILER_APPICON_NAME = AppIcon;
				INFOPLIST_FILE = testForGitHub/Info.plist;
				LD_RUNPATH_SEARCH_PATHS = "$(inherited) @executable_path/Frameworks";
				PRODUCT_BUNDLE_IDENTIFIER = com.lanou3gxw.testForGitHub;
				PRODUCT_NAME = "$(TARGET_NAME)";
			};
			name = Release;
		};
/* End XCBuildConfiguration section */

/* Begin XCConfigurationList section */
		C272DB7A1C47375E00F8E2B9 /* Build configuration list for PBXProject "testForGitHub" */ = {
			isa = XCConfigurationList;
			buildConfigurations = (
				C272DB941C47375E00F8E2B9 /* Debug */,
				C272DB951C47375E00F8E2B9 /* Release */,
			);
			defaultConfigurationIsVisible = 0;
			defaultConfigurationName = Release;
		};
		C272DB961C47375E00F8E2B9 /* Build configuration list for PBXNativeTarget "testForGitHub" */ = {
			isa = XCConfigurationList;
			buildConfigurations = (
				C272DB971C47375E00F8E2B9 /* Debug */,
				C272DB981C47375E00F8E2B9 /* Release */,
			);
			defaultConfigurationIsVisible = 0;
		};
/* End XCConfigurationList section */
	};
	rootObject = C272DB771C47375E00F8E2B9 /* Project object */;
}
